// !$*UTF8*$!
{
	archiveVersion = 1;
	classes = {
	};
	objectVersion = 46;
	objects = {

/* Begin PBXBuildFile section */
		1032D68CE92FFC02DF311C57 /* libPods-ddd.a in Frameworks */ = {isa = PBXBuildFile; fileRef = CB3BB0D4A12CF9B02ADAEBF9 /* libPods-ddd.a */; };
		856D93411FF0990000A9ACD4 /* main.m in Sources */ = {isa = PBXBuildFile; fileRef = 856D93401FF0990000A9ACD4 /* main.m */; };
		856D93441FF0990000A9ACD4 /* AppDelegate.m in Sources */ = {isa = PBXBuildFile; fileRef = 856D93431FF0990000A9ACD4 /* AppDelegate.m */; };
		856D93471FF0990000A9ACD4 /* ViewController.m in Sources */ = {isa = PBXBuildFile; fileRef = 856D93461FF0990000A9ACD4 /* ViewController.m */; };
		856D934A1FF0990000A9ACD4 /* Main.storyboard in Resources */ = {isa = PBXBuildFile; fileRef = 856D93481FF0990000A9ACD4 /* Main.storyboard */; };
		856D934C1FF0990000A9ACD4 /* Assets.xcassets in Resources */ = {isa = PBXBuildFile; fileRef = 856D934B1FF0990000A9ACD4 /* Assets.xcassets */; };
		856D934F1FF0990000A9ACD4 /* LaunchScreen.storyboard in Resources */ = {isa = PBXBuildFile; fileRef = 856D934D1FF0990000A9ACD4 /* LaunchScreen.storyboard */; };
/* End PBXBuildFile section */

/* Begin PBXFileReference section */
		0594E6764715E87D11CC6D09 /* Pods-ddd.debug.xcconfig */ = {isa = PBXFileReference; includeInIndex = 1; lastKnownFileType = text.xcconfig; name = "Pods-ddd.debug.xcconfig"; path = "Pods/Target Support Files/Pods-ddd/Pods-ddd.debug.xcconfig"; sourceTree = "<group>"; };
		856D933C1FF098FF00A9ACD4 /* ddd.app */ = {isa = PBXFileReference; explicitFileType = wrapper.application; includeInIndex = 0; path = ddd.app; sourceTree = BUILT_PRODUCTS_DIR; };
		856D93401FF0990000A9ACD4 /* main.m */ = {isa = PBXFileReference; lastKnownFileType = sourcecode.c.objc; path = main.m; sourceTree = "<group>"; };
		856D93421FF0990000A9ACD4 /* AppDelegate.h */ = {isa = PBXFileReference; lastKnownFileType = sourcecode.c.h; path = AppDelegate.h; sourceTree = "<group>"; };
		856D93431FF0990000A9ACD4 /* AppDelegate.m */ = {isa = PBXFileReference; lastKnownFileType = sourcecode.c.objc; path = AppDelegate.m; sourceTree = "<group>"; };
		856D93451FF0990000A9ACD4 /* ViewController.h */ = {isa = PBXFileReference; lastKnownFileType = sourcecode.c.h; path = ViewController.h; sourceTree = "<group>"; };
		856D93461FF0990000A9ACD4 /* ViewController.m */ = {isa = PBXFileReference; lastKnownFileType = sourcecode.c.objc; path = ViewController.m; sourceTree = "<group>"; };
		856D93491FF0990000A9ACD4 /* Base */ = {isa = PBXFileReference; lastKnownFileType = file.storyboard; name = Base; path = Base.lproj/Main.storyboard; sourceTree = "<group>"; };
		856D934B1FF0990000A9ACD4 /* Assets.xcassets */ = {isa = PBXFileReference; lastKnownFileType = folder.assetcatalog; path = Assets.xcassets; sourceTree = "<group>"; };
		856D934E1FF0990000A9ACD4 /* Base */ = {isa = PBXFileReference; lastKnownFileType = file.storyboard; name = Base; path = Base.lproj/LaunchScreen.storyboard; sourceTree = "<group>"; };
		856D93501FF0990000A9ACD4 /* Info.plist */ = {isa = PBXFileReference; lastKnownFileType = text.plist.xml; path = Info.plist; sourceTree = "<group>"; };
		A40276272735035328EE9A26 /* Pods-ddd.release.xcconfig */ = {isa = PBXFileReference; includeInIndex = 1; lastKnownFileType = text.xcconfig; name = "Pods-ddd.release.xcconfig"; path = "Pods/Target Support Files/Pods-ddd/Pods-ddd.release.xcconfig"; sourceTree = "<group>"; };
		CB3BB0D4A12CF9B02ADAEBF9 /* libPods-ddd.a */ = {isa = PBXFileReference; explicitFileType = archive.ar; includeInIndex = 0; path = "libPods-ddd.a"; sourceTree = BUILT_PRODUCTS_DIR; };
/* End PBXFileReference section */

/* Begin PBXFrameworksBuildPhase section */
		856D93391FF098FD00A9ACD4 /* Frameworks */ = {
			isa = PBXFrameworksBuildPhase;
			buildActionMask = 2147483647;
			files = (
				1032D68CE92FFC02DF311C57 /* libPods-ddd.a in Frameworks */,
			);
			runOnlyForDeploymentPostprocessing = 0;
		};
/* End PBXFrameworksBuildPhase section */

/* Begin PBXGroup section */
		2BCC5D41945975B78EFE4578 /* Pods */ = {
			isa = PBXGroup;
			children = (
				0594E6764715E87D11CC6D09 /* Pods-ddd.debug.xcconfig */,
				A40276272735035328EE9A26 /* Pods-ddd.release.xcconfig */,
			);
			name = Pods;
			sourceTree = "<group>";
		};
		856D93331FF098FC00A9ACD4 = {
			isa = PBXGroup;
			children = (
				856D933E1FF098FF00A9ACD4 /* ddd */,
				856D933D1FF098FF00A9ACD4 /* Products */,
				2BCC5D41945975B78EFE4578 /* Pods */,
				9D93A4FADC18F60A541A7AE0 /* Frameworks */,
			);
			sourceTree = "<group>";
		};
		856D933D1FF098FF00A9ACD4 /* Products */ = {
			isa = PBXGroup;
			children = (
				856D933C1FF098FF00A9ACD4 /* ddd.app */,
			);
			name = Products;
			sourceTree = "<group>";
		};
		856D933E1FF098FF00A9ACD4 /* ddd */ = {
			isa = PBXGroup;
			children = (
				856D93421FF0990000A9ACD4 /* AppDelegate.h */,
				856D93431FF0990000A9ACD4 /* AppDelegate.m */,
				856D93451FF0990000A9ACD4 /* ViewController.h */,
				856D93461FF0990000A9ACD4 /* ViewController.m */,
				856D93481FF0990000A9ACD4 /* Main.storyboard */,
				856D934B1FF0990000A9ACD4 /* Assets.xcassets */,
				856D934D1FF0990000A9ACD4 /* LaunchScreen.storyboard */,
				856D93501FF0990000A9ACD4 /* Info.plist */,
				856D933F1FF0990000A9ACD4 /* Supporting Files */,
			);
			path = ddd;
			sourceTree = "<group>";
		};
		856D933F1FF0990000A9ACD4 /* Supporting Files */ = {
			isa = PBXGroup;
			children = (
				856D93401FF0990000A9ACD4 /* main.m */,
			);
			name = "Supporting Files";
			sourceTree = "<group>";
		};
		9D93A4FADC18F60A541A7AE0 /* Frameworks */ = {
			isa = PBXGroup;
			children = (
				CB3BB0D4A12CF9B02ADAEBF9 /* libPods-ddd.a */,
			);
			name = Frameworks;
			sourceTree = "<group>";
		};
/* End PBXGroup section */

/* Begin PBXNativeTarget section */
		856D933B1FF098FD00A9ACD4 /* ddd */ = {
			isa = PBXNativeTarget;
			buildConfigurationList = 856D93531FF0990000A9ACD4 /* Build configuration list for PBXNativeTarget "ddd" */;
			buildPhases = (
				62BEEB71E97BD857E86525F2 /* [CP] Check Pods Manifest.lock */,
				856D93381FF098FD00A9ACD4 /* Sources */,
				856D93391FF098FD00A9ACD4 /* Frameworks */,
				856D933A1FF098FD00A9ACD4 /* Resources */,
				F78626C8371A3F6775A42586 /* [CP] Embed Pods Frameworks */,
				B9AC760B9ABFAD37B93C0C08 /* [CP] Copy Pods Resources */,
			);
			buildRules = (
			);
			dependencies = (
			);
			name = ddd;
			productName = ddd;
			productReference = 856D933C1FF098FF00A9ACD4 /* ddd.app */;
			productType = "com.apple.product-type.application";
		};
/* End PBXNativeTarget section */

/* Begin PBXProject section */
		856D93341FF098FD00A9ACD4 /* Project object */ = {
			isa = PBXProject;
			attributes = {
				LastUpgradeCheck = 0820;
				ORGANIZATIONNAME = tarena;
				TargetAttributes = {
					856D933B1FF098FD00A9ACD4 = {
						CreatedOnToolsVersion = 8.2.1;
						DevelopmentTeam = 77DS4PNEBQ;
						ProvisioningStyle = Automatic;
					};
				};
			};
			buildConfigurationList = 856D93371FF098FD00A9ACD4 /* Build configuration list for PBXProject "ddd" */;
			compatibilityVersion = "Xcode 3.2";
			developmentRegion = English;
			hasScannedForEncodings = 0;
			knownRegions = (
				en,
				Base,
			);
			mainGroup = 856D93331FF098FC00A9ACD4;
			productRefGroup = 856D933D1FF098FF00A9ACD4 /* Products */;
			projectDirPath = "";
			projectRoot = "";
			targets = (
				856D933B1FF098FD00A9ACD4 /* ddd */,
			);
		};
/* End PBXProject section */

/* Begin PBXResourcesBuildPhase section */
		856D933A1FF098FD00A9ACD4 /* Resources */ = {
			isa = PBXResourcesBuildPhase;
			buildActionMask = 2147483647;
			files = (
				856D934F1FF0990000A9ACD4 /* LaunchScreen.storyboard in Resources */,
				856D934C1FF0990000A9ACD4 /* Assets.xcassets in Resources */,
				856D934A1FF0990000A9ACD4 /* Main.storyboard in Resources */,
			);
			runOnlyForDeploymentPostprocessing = 0;
		};
/* End PBXResourcesBuildPhase section */

/* Begin PBXShellScriptBuildPhase section */
		62BEEB71E97BD857E86525F2 /* [CP] Check Pods Manifest.lock */ = {
			isa = PBXShellScriptBuildPhase;
			buildActionMask = 2147483647;
			files = (
			);
			inputPaths = (
			);
			name = "[CP] Check Pods Manifest.lock";
			outputPaths = (
			);
			runOnlyForDeploymentPostprocessing = 0;
			shellPath = /bin/sh;
			shellScript = "diff \"${PODS_ROOT}/../Podfile.lock\" \"${PODS_ROOT}/Manifest.lock\" > /dev/null\nif [ $? != 0 ] ; then\n    # print error to STDERR\n    echo \"error: The sandbox is not in sync with the Podfile.lock. Run 'pod install' or update your CocoaPods installation.\" >&2\n    exit 1\nfi\n";
			showEnvVarsInLog = 0;
		};
		B9AC760B9ABFAD37B93C0C08 /* [CP] Copy Pods Resources */ = {
			isa = PBXShellScriptBuildPhase;
			buildActionMask = 2147483647;
			files = (
			);
			inputPaths = (
			);
			name = "[CP] Copy Pods Resources";
			outputPaths = (
			);
			runOnlyForDeploymentPostprocessing = 0;
			shellPath = /bin/sh;
			shellScript = "\"${SRCROOT}/Pods/Target Support Files/Pods-ddd/Pods-ddd-resources.sh\"\n";
			showEnvVarsInLog = 0;
		};
		F78626C8371A3F6775A42586 /* [CP] Embed Pods Frameworks */ = {
			isa = PBXShellScriptBuildPhase;
			buildActionMask = 2147483647;
			files = (
			);
			inputPaths = (
			);
			name = "[CP] Embed Pods Frameworks";
			outputPaths = (
			);
			runOnlyForDeploymentPostprocessing = 0;
			shellPath = /bin/sh;
			shellScript = "\"${SRCROOT}/Pods/Target Support Files/Pods-ddd/Pods-ddd-frameworks.sh\"\n";
			showEnvVarsInLog = 0;
		};
/* End PBXShellScriptBuildPhase section */

/* Begin PBXSourcesBuildPhase section */
		856D93381FF098FD00A9ACD4 /* Sources */ = {
			isa = PBXSourcesBuildPhase;
			buildActionMask = 2147483647;
			files = (
				856D93471FF0990000A9ACD4 /* ViewController.m in Sources */,
				856D93441FF0990000A9ACD4 /* AppDelegate.m in Sources */,
				856D93411FF0990000A9ACD4 /* main.m in Sources */,
			);
			runOnlyForDeploymentPostprocessing = 0;
		};
/* End PBXSourcesBuildPhase section */

/* Begin PBXVariantGroup section */
		856D93481FF0990000A9ACD4 /* Main.storyboard */ = {
			isa = PBXVariantGroup;
			children = (
				856D93491FF0990000A9ACD4 /* Base */,
			);
			name = Main.storyboard;
			sourceTree = "<group>";
		};
		856D934D1FF0990000A9ACD4 /* LaunchScreen.storyboard */ = {
			isa = PBXVariantGroup;
			children = (
				856D934E1FF0990000A9ACD4 /* Base */,
			);
			name = LaunchScreen.storyboard;
			sourceTree = "<group>";
		};
/* End PBXVariantGroup section */

/* Begin XCBuildConfiguration section */
		856D93511FF0990000A9ACD4 /* Debug */ = {
			isa = XCBuildConfiguration;
			buildSettings = {
				ALWAYS_SEARCH_USER_PATHS = NO;
				CLANG_ANALYZER_NONNULL = YES;
				CLANG_CXX_LANGUAGE_STANDARD = "gnu++0x";
				CLANG_CXX_LIBRARY = "libc++";
				CLANG_ENABLE_MODULES = YES;
				CLANG_ENABLE_OBJC_ARC = YES;
				CLANG_WARN_BOOL_CONVERSION = YES;
				CLANG_WARN_CONSTANT_CONVERSION = YES;
				CLANG_WARN_DIRECT_OBJC_ISA_USAGE = YES_ERROR;
				CLANG_WARN_DOCUMENTATION_COMMENTS = YES;
				CLANG_WARN_EMPTY_BODY = YES;
				CLANG_WARN_ENUM_CONVERSION = YES;
				CLANG_WARN_INFINITE_RECURSION = YES;
				CLANG_WARN_INT_CONVERSION = YES;
				CLANG_WARN_OBJC_ROOT_CLASS = YES_ERROR;
				CLANG_WARN_SUSPICIOUS_MOVE = YES;
				CLANG_WARN_UNREACHABLE_CODE = YES;
				CLANG_WARN__DUPLICATE_METHOD_MATCH = YES;
				"CODE_SIGN_IDENTITY[sdk=iphoneos*]" = "iPhone Developer";
				COPY_PHASE_STRIP = NO;
				DEBUG_INFORMATION_FORMAT = dwarf;
				ENABLE_STRICT_OBJC_MSGSEND = YES;
				ENABLE_TESTABILITY = YES;
				GCC_C_LANGUAGE_STANDARD = gnu99;
				GCC_DYNAMIC_NO_PIC = NO;
				GCC_NO_COMMON_BLOCKS = YES;
				GCC_OPTIMIZATION_LEVEL = 0;
				GCC_PREPROCESSOR_DEFINITIONS = (
					"DEBUG=1",
					"$(inherited)",
				);
				GCC_WARN_64_TO_32_BIT_CONVERSION = YES;
				GCC_WARN_ABOUT_RETURN_TYPE = YES_ERROR;
				GCC_WARN_UNDECLARED_SELECTOR = YES;
				GCC_WARN_UNINITIALIZED_AUTOS = YES_AGGRESSIVE;
				GCC_WARN_UNUSED_FUNCTION = YES;
				GCC_WARN_UNUSED_VARIABLE = YES;
				IPHONEOS_DEPLOYMENT_TARGET = 10.2;
				MTL_ENABLE_DEBUG_INFO = YES;
				ONLY_ACTIVE_ARCH = YES;
				SDKROOT = iphoneos;
				TARGETED_DEVICE_FAMILY = "1,2";
			};
			name = Debug;
		};
		856D93521FF0990000A9ACD4 /* Release */ = {
			isa = XCBuildConfiguration;
			buildSettings = {
				ALWAYS_SEARCH_USER_PATHS = NO;
				CLANG_ANALYZER_NONNULL = YES;
				CLANG_CXX_LANGUAGE_STANDARD = "gnu++0x";
				CLANG_CXX_LIBRARY = "libc++";
				CLANG_ENABLE_MODULES = YES;
				CLANG_ENABLE_OBJC_ARC = YES;
				CLANG_WARN_BOOL_CONVERSION = YES;
				CLANG_WARN_CONSTANT_CONVERSION = YES;
				CLANG_WARN_DIRECT_OBJC_ISA_USAGE = YES_ERROR;
				CLANG_WARN_DOCUMENTATION_COMMENTS = YES;
				CLANG_WARN_EMPTY_BODY = YES;
				CLANG_WARN_ENUM_CONVERSION = YES;
				CLANG_WARN_INFINITE_RECURSION = YES;
				CLANG_WARN_INT_CONVERSION = YES;
				CLANG_WARN_OBJC_ROOT_CLASS = YES_ERROR;
				CLANG_WARN_SUSPICIOUS_MOVE = YES;
				CLANG_WARN_UNREACHABLE_CODE = YES;
				CLANG_WARN__DUPLICATE_METHOD_MATCH = YES;
				"CODE_SIGN_IDENTITY[sdk=iphoneos*]" = "iPhone Developer";
				COPY_PHASE_STRIP = NO;
				DEBUG_INFORMATION_FORMAT = "dwarf-with-dsym";
				ENABLE_NS_ASSERTIONS = NO;
				ENABLE_STRICT_OBJC_MSGSEND = YES;
				GCC_C_LANGUAGE_STANDARD = gnu99;
				GCC_NO_COMMON_BLOCKS = YES;
				GCC_WARN_64_TO_32_BIT_CONVERSION = YES;
				GCC_WARN_ABOUT_RETURN_TYPE = YES_ERROR;
				GCC_WARN_UNDECLARED_SELECTOR = YES;
				GCC_WARN_UNINITIALIZED_AUTOS = YES_AGGRESSIVE;
				GCC_WARN_UNUSED_FUNCTION = YES;
				GCC_WARN_UNUSED_VARIABLE = YES;
				IPHONEOS_DEPLOYMENT_TARGET = 10.2;
				MTL_ENABLE_DEBUG_INFO = NO;
				SDKROOT = iphoneos;
				TARGETED_DEVICE_FAMILY = "1,2";
				VALIDATE_PRODUCT = YES;
			};
			name = Release;
		};
		856D93541FF0990000A9ACD4 /* Debug */ = {
			isa = XCBuildConfiguration;
			baseConfigurationReference = 0594E6764715E87D11CC6D09 /* Pods-ddd.debug.xcconfig */;
			buildSettings = {
				ASSETCATALOG_COMPILER_APPICON_NAME = AppIcon;
				DEVELOPMENT_TEAM = 77DS4PNEBQ;
				INFOPLIST_FILE = ddd/Info.plist;
				LD_RUNPATH_SEARCH_PATHS = "$(inherited) @executable_path/Frameworks";
				PRODUCT_BUNDLE_IDENTIFIER = com.stat.myProject001.ddd;
				PRODUCT_NAME = "$(TARGET_NAME)";
			};
			name = Debug;
		};
		856D93551FF0990000A9ACD4 /* Release */ = {
			isa = XCBuildConfiguration;
			baseConfigurationReference = A40276272735035328EE9A26 /* Pods-ddd.release.xcconfig */;
			buildSettings = {
				ASSETCATALOG_COMPILER_APPICON_NAME = AppIcon;
				DEVELOPMENT_TEAM = 77DS4PNEBQ;
				INFOPLIST_FILE = ddd/Info.plist;
				LD_RUNPATH_SEARCH_PATHS = "$(inherited) @executable_path/Frameworks";
				PRODUCT_BUNDLE_IDENTIFIER = com.stat.myProject001.ddd;
				PRODUCT_NAME = "$(TARGET_NAME)";
			};
			name = Release;
		};
/* End XCBuildConfiguration section */

/* Begin XCConfigurationList section */
		856D93371FF098FD00A9ACD4 /* Build configuration list for PBXProject "ddd" */ = {
			isa = XCConfigurationList;
			buildConfigurations = (
				856D93511FF0990000A9ACD4 /* Debug */,
				856D93521FF0990000A9ACD4 /* Release */,
			);
			defaultConfigurationIsVisible = 0;
			defaultConfigurationName = Release;
		};
		856D93531FF0990000A9ACD4 /* Build configuration list for PBXNativeTarget "ddd" */ = {
			isa = XCConfigurationList;
			buildConfigurations = (
				856D93541FF0990000A9ACD4 /* Debug */,
				856D93551FF0990000A9ACD4 /* Release */,
			);
			defaultConfigurationIsVisible = 0;
		};
/* End XCConfigurationList section */
	};
	rootObject = 856D93341FF098FD00A9ACD4 /* Project object */;
}
